Microsoft Visual Studio Solution File, Format Version 12.00
# Visual Studio Version 17
VisualStudioVersion = 17.8.34309.116
MinimumVisualStudioVersion = 16.0.0.0
Project("{9A19103F-16F7-4668-BE54-9A1E7A4F7556}") = "NexYamlSerializer", "NexYamlSerializer\NexYamlSerializer.csproj", "{458918A0-942E-4CF9-A4B6-EA9B3E0F697B}"
EndProject
Project("{9A19103F-16F7-4668-BE54-9A1E7A4F7556}") = "NexYamlSourceGenerator", "NexYamlSourceGenerator\NexYamlSourceGenerator.csproj", "{34E30BA7-3207-4D23-86E7-701B902D56BA}"
EndProject
Project("{9A19103F-16F7-4668-BE54-9A1E7A4F7556}") = "NexVYaml", "NexVYaml\NexVYaml.csproj", "{261CF6FC-4A06-4422-B791-640DA3423E54}"
EndProject
Project("{9A19103F-16F7-4668-BE54-9A1E7A4F7556}") = "NexYamlTest", "NexYamlTest\NexYamlTest.csproj", "{1DCCD97B-943A-4299-8CD4-530FFFDD2886}"
EndProject
Project("{9A19103F-16F7-4668-BE54-9A1E7A4F7556}") = "NexYaml.Core", "NexYaml.Core\NexYaml.Core.csproj", "{E09E40F9-80B4-4582-ADB5-EE39B09C1B54}"
EndProject
Project("{9A19103F-16F7-4668-BE54-9A1E7A4F7556}") = "NexYaml.Framework", "NexYaml.Framework\NexYaml.Framework.csproj", "{69CF8CFE-B87A-4036-8268-50F03CD4FA3E}"
EndProject
Global
	GlobalSection(SolutionConfigurationPlatforms) = preSolution
		Debug|Any CPU = Debug|Any CPU
		Release|Any CPU = Release|Any CPU
	EndGlobalSection
	GlobalSection(ProjectConfigurationPlatforms) = postSolution
		{458918A0-942E-4CF9-A4B6-EA9B3E0F697B}.Debug|Any CPU.ActiveCfg = Debug|Any CPU
		{458918A0-942E-4CF9-A4B6-EA9B3E0F697B}.Debug|Any CPU.Build.0 = Debug|Any CPU
		{458918A0-942E-4CF9-A4B6-EA9B3E0F697B}.Release|Any CPU.ActiveCfg = Release|Any CPU
		{458918A0-942E-4CF9-A4B6-EA9B3E0F697B}.Release|Any CPU.Build.0 = Release|Any CPU
		{34E30BA7-3207-4D23-86E7-701B902D56BA}.Debug|Any CPU.ActiveCfg = Debug|Any CPU
		{34E30BA7-3207-4D23-86E7-701B902D56BA}.Debug|Any CPU.Build.0 = Debug|Any CPU
		{34E30BA7-3207-4D23-86E7-701B902D56BA}.Release|Any CPU.ActiveCfg = Release|Any CPU
		{34E30BA7-3207-4D23-86E7-701B902D56BA}.Release|Any CPU.Build.0 = Release|Any CPU
		{261CF6FC-4A06-4422-B791-640DA3423E54}.Debug|Any CPU.ActiveCfg = Debug|Any CPU
		{261CF6FC-4A06-4422-B791-640DA3423E54}.Debug|Any CPU.Build.0 = Debug|Any CPU
		{261CF6FC-4A06-4422-B791-640DA3423E54}.Release|Any CPU.ActiveCfg = Release|Any CPU
		{261CF6FC-4A06-4422-B791-640DA3423E54}.Release|Any CPU.Build.0 = Release|Any CPU
		{1DCCD97B-943A-4299-8CD4-530FFFDD2886}.Debug|Any CPU.ActiveCfg = Debug|Any CPU
		{1DCCD97B-943A-4299-8CD4-530FFFDD2886}.Debug|Any CPU.Build.0 = Debug|Any CPU
		{1DCCD97B-943A-4299-8CD4-530FFFDD2886}.Release|Any CPU.ActiveCfg = Release|Any CPU
		{1DCCD97B-943A-4299-8CD4-530FFFDD2886}.Release|Any CPU.Build.0 = Release|Any CPU
		{E09E40F9-80B4-4582-ADB5-EE39B09C1B54}.Debug|Any CPU.ActiveCfg = Debug|Any CPU
		{E09E40F9-80B4-4582-ADB5-EE39B09C1B54}.Debug|Any CPU.Build.0 = Debug|Any CPU
		{E09E40F9-80B4-4582-ADB5-EE39B09C1B54}.Release|Any CPU.ActiveCfg = Release|Any CPU
		{E09E40F9-80B4-4582-ADB5-EE39B09C1B54}.Release|Any CPU.Build.0 = Release|Any CPU
		{69CF8CFE-B87A-4036-8268-50F03CD4FA3E}.Debug|Any CPU.ActiveCfg = Debug|Any CPU
		{69CF8CFE-B87A-4036-8268-50F03CD4FA3E}.Debug|Any CPU.Build.0 = Debug|Any CPU
		{69CF8CFE-B87A-4036-8268-50F03CD4FA3E}.Release|Any CPU.ActiveCfg = Release|Any CPU
		{69CF8CFE-B87A-4036-8268-50F03CD4FA3E}.Release|Any CPU.Build.0 = Release|Any CPU
	EndGlobalSection
	GlobalSection(SolutionProperties) = preSolution
		HideSolutionNode = FALSE
	EndGlobalSection
	GlobalSection(ExtensibilityGlobals) = postSolution
		SolutionGuid = {DE876AE3-6180-4FA3-AB3B-21665799A1FA}
	EndGlobalSection
EndGlobal
